{
  "name": "bouncing-balls-with-canvas",
  "version": "1.0.0",
  "lockfileVersion": 1,
  "requires": true,
  "dependencies": {
    "prettier": {
      "version": "2.0.5",
      "resolved": "https://mmrepo.jfrog.io/mmrepo/api/npm/npm-virtual/prettier/-/prettier-2.0.5.tgz",
      "integrity": "sha1-1tVigkVSQ/L5LMFxZpLAiqMVItQ="
    }
  }
}
